
Microsoft Visual Studio Solution File, Format Version 12.00
# Visual Studio 14
VisualStudioVersion = 14.0.24606.1
MinimumVisualStudioVersion = 10.0.40219.1
Project("{FAE04EC0-301F-11D3-BF4B-00C04F79EFBC}") = "StudentsInfo", "StudentsInfo\StudentsInfo.csproj", "{FEB110E8-57B7-490A-8BA4-A9ED957D9531}"
EndProject
Project("{FAE04EC0-301F-11D3-BF4B-00C04F79EFBC}") = "CompanyArticles", "CompanyArticles\CompanyArticles.csproj", "{7D49ACAE-7FB9-4B68-9A3C-9CB0812EA544}"
EndProject
Project("{FAE04EC0-301F-11D3-BF4B-00C04F79EFBC}") = "BiDictionary", "BiDictionary\BiDictionary.csproj", "{332AC6A3-9DF5-47D7-BEFA-6F7F9324F0E8}"
EndProject
Global
	GlobalSection(SolutionConfigurationPlatforms) = preSolution
		Debug|Any CPU = Debug|Any CPU
		Release|Any CPU = Release|Any CPU
	EndGlobalSection
	GlobalSection(ProjectConfigurationPlatforms) = postSolution
		{FEB110E8-57B7-490A-8BA4-A9ED957D9531}.Debug|Any CPU.ActiveCfg = Debug|Any CPU
		{FEB110E8-57B7-490A-8BA4-A9ED957D9531}.Debug|Any CPU.Build.0 = Debug|Any CPU
		{FEB110E8-57B7-490A-8BA4-A9ED957D9531}.Release|Any CPU.ActiveCfg = Release|Any CPU
		{FEB110E8-57B7-490A-8BA4-A9ED957D9531}.Release|Any CPU.Build.0 = Release|Any CPU
		{7D49ACAE-7FB9-4B68-9A3C-9CB0812EA544}.Debug|Any CPU.ActiveCfg = Debug|Any CPU
		{7D49ACAE-7FB9-4B68-9A3C-9CB0812EA544}.Debug|Any CPU.Build.0 = Debug|Any CPU
		{7D49ACAE-7FB9-4B68-9A3C-9CB0812EA544}.Release|Any CPU.ActiveCfg = Release|Any CPU
		{7D49ACAE-7FB9-4B68-9A3C-9CB0812EA544}.Release|Any CPU.Build.0 = Release|Any CPU
		{332AC6A3-9DF5-47D7-BEFA-6F7F9324F0E8}.Debug|Any CPU.ActiveCfg = Debug|Any CPU
		{332AC6A3-9DF5-47D7-BEFA-6F7F9324F0E8}.Debug|Any CPU.Build.0 = Debug|Any CPU
		{332AC6A3-9DF5-47D7-BEFA-6F7F9324F0E8}.Release|Any CPU.ActiveCfg = Release|Any CPU
		{332AC6A3-9DF5-47D7-BEFA-6F7F9324F0E8}.Release|Any CPU.Build.0 = Release|Any CPU
	EndGlobalSection
	GlobalSection(SolutionProperties) = preSolution
		HideSolutionNode = FALSE
	EndGlobalSection
EndGlobal
